
Microsoft Visual Studio Solution File, Format Version 12.00
# Visual Studio 15
VisualStudioVersion = 15.0.27428.2037
MinimumVisualStudioVersion = 10.0.40219.1
Project("{FAE04EC0-301F-11D3-BF4B-00C04F79EFBC}") = "Fournisseur Service", "Fournisseur Service\Fournisseur Service.csproj", "{CE53CB16-DBC7-49AC-8E4C-8397B575E603}"
EndProject
Project("{FAE04EC0-301F-11D3-BF4B-00C04F79EFBC}") = "ServiceFournis", "ServiceFournis\ServiceFournis.csproj", "{1553A93B-2E20-4A3B-A34E-C568A05274FD}"
EndProject
Project("{FAE04EC0-301F-11D3-BF4B-00C04F79EFBC}") = "BiblioUI", "BiblioUI\BiblioUI.csproj", "{0FB68112-E3C4-4751-A966-C4EBF916E333}"
EndProject
Project("{FAE04EC0-301F-11D3-BF4B-00C04F79EFBC}") = "BiblioUIEmprenteur", "BiblioUIEmprenteur\BiblioUIEmprenteur.csproj", "{223131C8-8A73-4760-8A95-15455A72FF7C}"
EndProject
Project("{FAE04EC0-301F-11D3-BF4B-00C04F79EFBC}") = "ServiceBiblio", "ServiceBiblio\ServiceBiblio.csproj", "{8C07FFEF-EA07-4B6B-AE21-2895F494B063}"
EndProject
Project("{FAE04EC0-301F-11D3-BF4B-00C04F79EFBC}") = "WcfHost", "WcfHost\WcfHost.csproj", "{101F5DDB-1ABA-43C5-9E62-9EEC00B578E6}"
EndProject
Global
	GlobalSection(SolutionConfigurationPlatforms) = preSolution
		Debug|Any CPU = Debug|Any CPU
		Release|Any CPU = Release|Any CPU
	EndGlobalSection
	GlobalSection(ProjectConfigurationPlatforms) = postSolution
		{CE53CB16-DBC7-49AC-8E4C-8397B575E603}.Debug|Any CPU.ActiveCfg = Debug|Any CPU
		{CE53CB16-DBC7-49AC-8E4C-8397B575E603}.Debug|Any CPU.Build.0 = Debug|Any CPU
		{CE53CB16-DBC7-49AC-8E4C-8397B575E603}.Release|Any CPU.ActiveCfg = Release|Any CPU
		{CE53CB16-DBC7-49AC-8E4C-8397B575E603}.Release|Any CPU.Build.0 = Release|Any CPU
		{1553A93B-2E20-4A3B-A34E-C568A05274FD}.Debug|Any CPU.ActiveCfg = Debug|Any CPU
		{1553A93B-2E20-4A3B-A34E-C568A05274FD}.Debug|Any CPU.Build.0 = Debug|Any CPU
		{1553A93B-2E20-4A3B-A34E-C568A05274FD}.Release|Any CPU.ActiveCfg = Release|Any CPU
		{1553A93B-2E20-4A3B-A34E-C568A05274FD}.Release|Any CPU.Build.0 = Release|Any CPU
		{0FB68112-E3C4-4751-A966-C4EBF916E333}.Debug|Any CPU.ActiveCfg = Debug|Any CPU
		{0FB68112-E3C4-4751-A966-C4EBF916E333}.Debug|Any CPU.Build.0 = Debug|Any CPU
		{0FB68112-E3C4-4751-A966-C4EBF916E333}.Release|Any CPU.ActiveCfg = Release|Any CPU
		{0FB68112-E3C4-4751-A966-C4EBF916E333}.Release|Any CPU.Build.0 = Release|Any CPU
		{223131C8-8A73-4760-8A95-15455A72FF7C}.Debug|Any CPU.ActiveCfg = Debug|Any CPU
		{223131C8-8A73-4760-8A95-15455A72FF7C}.Debug|Any CPU.Build.0 = Debug|Any CPU
		{223131C8-8A73-4760-8A95-15455A72FF7C}.Release|Any CPU.ActiveCfg = Release|Any CPU
		{223131C8-8A73-4760-8A95-15455A72FF7C}.Release|Any CPU.Build.0 = Release|Any CPU
		{8C07FFEF-EA07-4B6B-AE21-2895F494B063}.Debug|Any CPU.ActiveCfg = Debug|Any CPU
		{8C07FFEF-EA07-4B6B-AE21-2895F494B063}.Debug|Any CPU.Build.0 = Debug|Any CPU
		{8C07FFEF-EA07-4B6B-AE21-2895F494B063}.Release|Any CPU.ActiveCfg = Release|Any CPU
		{8C07FFEF-EA07-4B6B-AE21-2895F494B063}.Release|Any CPU.Build.0 = Release|Any CPU
		{101F5DDB-1ABA-43C5-9E62-9EEC00B578E6}.Debug|Any CPU.ActiveCfg = Debug|Any CPU
		{101F5DDB-1ABA-43C5-9E62-9EEC00B578E6}.Debug|Any CPU.Build.0 = Debug|Any CPU
		{101F5DDB-1ABA-43C5-9E62-9EEC00B578E6}.Release|Any CPU.ActiveCfg = Release|Any CPU
		{101F5DDB-1ABA-43C5-9E62-9EEC00B578E6}.Release|Any CPU.Build.0 = Release|Any CPU
	EndGlobalSection
	GlobalSection(SolutionProperties) = preSolution
		HideSolutionNode = FALSE
	EndGlobalSection
	GlobalSection(ExtensibilityGlobals) = postSolution
		SolutionGuid = {36708D28-E3AE-4CD2-AC60-1701A5E5EE4A}
	EndGlobalSection
EndGlobal
